
Microsoft Visual Studio Solution File, Format Version 12.00
# Visual Studio Version 17
VisualStudioVersion = 17.7.34018.315
MinimumVisualStudioVersion = 10.0.40219.1
Project("{778DAE3C-4631-46EA-AA77-85C1314464D9}") = "examen", "examen.vbproj", "{DBF4F820-4037-452F-B68D-6415E8076F54}"
EndProject
Global
	GlobalSection(SolutionConfigurationPlatforms) = preSolution
		Debug|Any CPU = Debug|Any CPU
		Release|Any CPU = Release|Any CPU
	EndGlobalSection
	GlobalSection(ProjectConfigurationPlatforms) = postSolution
		{DBF4F820-4037-452F-B68D-6415E8076F54}.Debug|Any CPU.ActiveCfg = Debug|Any CPU
		{DBF4F820-4037-452F-B68D-6415E8076F54}.Debug|Any CPU.Build.0 = Debug|Any CPU
		{DBF4F820-4037-452F-B68D-6415E8076F54}.Release|Any CPU.ActiveCfg = Release|Any CPU
		{DBF4F820-4037-452F-B68D-6415E8076F54}.Release|Any CPU.Build.0 = Release|Any CPU
	EndGlobalSection
	GlobalSection(SolutionProperties) = preSolution
		HideSolutionNode = FALSE
	EndGlobalSection
	GlobalSection(ExtensibilityGlobals) = postSolution
		SolutionGuid = {842C296F-8B4C-4623-8789-97F2E887081E}
	EndGlobalSection
EndGlobal
